// !$*UTF8*$!
{
	archiveVersion = 1;
	classes = {
	};
	objectVersion = 56;
	objects = {

/* Begin PBXBuildFile section */
		640752CA29198457009F004D /* libz.tbd in Frameworks */ = {isa = PBXBuildFile; fileRef = 640752C92919844B009F004D /* libz.tbd */; };
		640752CD29198490009F004D /* main.cpp in Sources */ = {isa = PBXBuildFile; fileRef = 640752CB29198490009F004D /* main.cpp */; };
		640752D8291A7F4D009F004D /* argument.cpp in Sources */ = {isa = PBXBuildFile; fileRef = 640752D6291A7F4D009F004D /* argument.cpp */; };
		64A753AF291AA4E200F9A14E /* configuration.cpp in Sources */ = {isa = PBXBuildFile; fileRef = 64A753AD291AA4E200F9A14E /* configuration.cpp */; };
		64A753D0291D2F7400F9A14E /* serialgen.cpp in Sources */ = {isa = PBXBuildFile; fileRef = 64A753CE291D2F7400F9A14E /* serialgen.cpp */; };
		64A753D3291D79F000F9A14E /* objectfactory.cpp in Sources */ = {isa = PBXBuildFile; fileRef = 64A753D1291D79F000F9A14E /* objectfactory.cpp */; };
		64A753DA291F28FB00F9A14E /* tileinfo.cpp in Sources */ = {isa = PBXBuildFile; fileRef = 64A753D8291F28FB00F9A14E /* tileinfo.cpp */; };
/* End PBXBuildFile section */

/* Begin PBXContainerItemProxy section */
		640752C629198429009F004D /* PBXContainerItemProxy */ = {
			isa = PBXContainerItemProxy;
			containerPortal = 640752C229198429009F004D /* jsengine.xcodeproj */;
			proxyType = 2;
			remoteGlobalIDString = 6407509829192F61009F004D;
			remoteInfo = jsengine;
		};
/* End PBXContainerItemProxy section */

/* Begin PBXCopyFilesBuildPhase section */
		640752B12919837A009F004D /* CopyFiles */ = {
			isa = PBXCopyFilesBuildPhase;
			buildActionMask = 2147483647;
			dstPath = /usr/share/man/man1/;
			dstSubfolderSpec = 0;
			files = (
			);
			runOnlyForDeploymentPostprocessing = 1;
		};
/* End PBXCopyFilesBuildPhase section */

/* Begin PBXFileReference section */
		640752B32919837A009F004D /* uox */ = {isa = PBXFileReference; explicitFileType = "compiled.mach-o.executable"; includeInIndex = 0; path = uox; sourceTree = BUILT_PRODUCTS_DIR; };
		640752BF291983C0009F004D /* random.hpp */ = {isa = PBXFileReference; fileEncoding = 4; lastKnownFileType = sourcecode.cpp.h; path = random.hpp; sourceTree = "<group>"; };
		640752C0291983C0009F004D /* strutil.hpp */ = {isa = PBXFileReference; fileEncoding = 4; lastKnownFileType = sourcecode.cpp.h; path = strutil.hpp; sourceTree = "<group>"; };
		640752C229198429009F004D /* jsengine.xcodeproj */ = {isa = PBXFileReference; lastKnownFileType = "wrapper.pb-project"; name = jsengine.xcodeproj; path = ../jsengine/ide/jsengine.xcodeproj; sourceTree = "<group>"; };
		640752C92919844B009F004D /* libz.tbd */ = {isa = PBXFileReference; lastKnownFileType = "sourcecode.text-based-dylib-definition"; name = libz.tbd; path = usr/lib/libz.tbd; sourceTree = SDKROOT; };
		640752CB29198490009F004D /* main.cpp */ = {isa = PBXFileReference; lastKnownFileType = sourcecode.cpp.cpp; path = main.cpp; sourceTree = "<group>"; };
		640752CC29198490009F004D /* main.hpp */ = {isa = PBXFileReference; lastKnownFileType = sourcecode.cpp.h; path = main.hpp; sourceTree = "<group>"; };
		640752D6291A7F4D009F004D /* argument.cpp */ = {isa = PBXFileReference; lastKnownFileType = sourcecode.cpp.cpp; path = argument.cpp; sourceTree = "<group>"; };
		640752D7291A7F4D009F004D /* argument.hpp */ = {isa = PBXFileReference; lastKnownFileType = sourcecode.cpp.h; path = argument.hpp; sourceTree = "<group>"; };
		64A753AD291AA4E200F9A14E /* configuration.cpp */ = {isa = PBXFileReference; lastKnownFileType = sourcecode.cpp.cpp; path = configuration.cpp; sourceTree = "<group>"; };
		64A753AE291AA4E200F9A14E /* configuration.hpp */ = {isa = PBXFileReference; lastKnownFileType = sourcecode.cpp.h; path = configuration.hpp; sourceTree = "<group>"; };
		64A753CE291D2F7400F9A14E /* serialgen.cpp */ = {isa = PBXFileReference; lastKnownFileType = sourcecode.cpp.cpp; path = serialgen.cpp; sourceTree = "<group>"; };
		64A753CF291D2F7400F9A14E /* serialgen.hpp */ = {isa = PBXFileReference; lastKnownFileType = sourcecode.cpp.h; path = serialgen.hpp; sourceTree = "<group>"; };
		64A753D1291D79F000F9A14E /* objectfactory.cpp */ = {isa = PBXFileReference; lastKnownFileType = sourcecode.cpp.cpp; path = objectfactory.cpp; sourceTree = "<group>"; };
		64A753D2291D79F000F9A14E /* objectfactory.hpp */ = {isa = PBXFileReference; lastKnownFileType = sourcecode.cpp.h; path = objectfactory.hpp; sourceTree = "<group>"; };
		64A753D5291E9A8000F9A14E /* defines.h */ = {isa = PBXFileReference; lastKnownFileType = sourcecode.c.h; path = defines.h; sourceTree = "<group>"; };
		64A753D7291EE3DB00F9A14E /* Defines&Defaults.txt */ = {isa = PBXFileReference; lastKnownFileType = text; name = "Defines&Defaults.txt"; path = "../Defines&Defaults.txt"; sourceTree = "<group>"; };
		64A753D8291F28FB00F9A14E /* tileinfo.cpp */ = {isa = PBXFileReference; lastKnownFileType = sourcecode.cpp.cpp; path = tileinfo.cpp; sourceTree = "<group>"; };
		64A753D9291F28FB00F9A14E /* tileinfo.hpp */ = {isa = PBXFileReference; lastKnownFileType = sourcecode.cpp.h; path = tileinfo.hpp; sourceTree = "<group>"; };
		64A753DE291FF61F00F9A14E /* uox.cfg */ = {isa = PBXFileReference; lastKnownFileType = text; name = uox.cfg; path = ../uox.cfg; sourceTree = "<group>"; };
		64A753DF291FF6D300F9A14E /* tileinfo.cfg */ = {isa = PBXFileReference; lastKnownFileType = text; path = tileinfo.cfg; sourceTree = "<group>"; };
/* End PBXFileReference section */

/* Begin PBXFrameworksBuildPhase section */
		640752B02919837A009F004D /* Frameworks */ = {
			isa = PBXFrameworksBuildPhase;
			buildActionMask = 2147483647;
			files = (
				640752CA29198457009F004D /* libz.tbd in Frameworks */,
			);
			runOnlyForDeploymentPostprocessing = 0;
		};
/* End PBXFrameworksBuildPhase section */

/* Begin PBXGroup section */
		640752AA2919837A009F004D = {
			isa = PBXGroup;
			children = (
				64A753D7291EE3DB00F9A14E /* Defines&Defaults.txt */,
				64A753DE291FF61F00F9A14E /* uox.cfg */,
				64A753DD291FF61200F9A14E /* server_data */,
				640752BD291983C0009F004D /* source */,
				640752B42919837A009F004D /* Products */,
				640752C129198429009F004D /* Frameworks */,
			);
			sourceTree = "<group>";
		};
		640752B42919837A009F004D /* Products */ = {
			isa = PBXGroup;
			children = (
				640752B32919837A009F004D /* uox */,
			);
			name = Products;
			sourceTree = "<group>";
		};
		640752BD291983C0009F004D /* source */ = {
			isa = PBXGroup;
			children = (
				64A753D6291EDFCA00F9A14E /* uodata */,
				64A753CD291D2F5900F9A14E /* definition */,
				64A753CC291D2F4200F9A14E /* network */,
				64A753CB291D2F0500F9A14E /* gameobject */,
				640752D4291A7F19009F004D /* main */,
				640752BE291983C0009F004D /* utility */,
			);
			name = source;
			path = ../source;
			sourceTree = "<group>";
		};
		640752BE291983C0009F004D /* utility */ = {
			isa = PBXGroup;
			children = (
				640752BF291983C0009F004D /* random.hpp */,
				640752C0291983C0009F004D /* strutil.hpp */,
			);
			path = utility;
			sourceTree = "<group>";
		};
		640752C129198429009F004D /* Frameworks */ = {
			isa = PBXGroup;
			children = (
				640752C92919844B009F004D /* libz.tbd */,
				640752C229198429009F004D /* jsengine.xcodeproj */,
			);
			name = Frameworks;
			sourceTree = "<group>";
		};
		640752C329198429009F004D /* Products */ = {
			isa = PBXGroup;
			children = (
				640752C729198429009F004D /* libjsengine.a */,
			);
			name = Products;
			sourceTree = "<group>";
		};
		640752D4291A7F19009F004D /* main */ = {
			isa = PBXGroup;
			children = (
				640752CB29198490009F004D /* main.cpp */,
				640752CC29198490009F004D /* main.hpp */,
				640752D6291A7F4D009F004D /* argument.cpp */,
				640752D7291A7F4D009F004D /* argument.hpp */,
				64A753AD291AA4E200F9A14E /* configuration.cpp */,
				64A753AE291AA4E200F9A14E /* configuration.hpp */,
				64A753D5291E9A8000F9A14E /* defines.h */,
			);
			path = main;
			sourceTree = "<group>";
		};
		64A753CB291D2F0500F9A14E /* gameobject */ = {
			isa = PBXGroup;
			children = (
				64A753CE291D2F7400F9A14E /* serialgen.cpp */,
				64A753CF291D2F7400F9A14E /* serialgen.hpp */,
				64A753D1291D79F000F9A14E /* objectfactory.cpp */,
				64A753D2291D79F000F9A14E /* objectfactory.hpp */,
			);
			path = gameobject;
			sourceTree = "<group>";
		};
		64A753CC291D2F4200F9A14E /* network */ = {
			isa = PBXGroup;
			children = (
			);
			path = network;
			sourceTree = "<group>";
		};
		64A753CD291D2F5900F9A14E /* definition */ = {
			isa = PBXGroup;
			children = (
			);
			path = definition;
			sourceTree = "<group>";
		};
		64A753D6291EDFCA00F9A14E /* uodata */ = {
			isa = PBXGroup;
			children = (
				64A753D8291F28FB00F9A14E /* tileinfo.cpp */,
				64A753D9291F28FB00F9A14E /* tileinfo.hpp */,
			);
			path = uodata;
			sourceTree = "<group>";
		};
		64A753DD291FF61200F9A14E /* server_data */ = {
			isa = PBXGroup;
			children = (
				64A753DF291FF6D300F9A14E /* tileinfo.cfg */,
			);
			name = server_data;
			path = ../server_data;
			sourceTree = "<group>";
		};
/* End PBXGroup section */

/* Begin PBXNativeTarget section */
		640752B22919837A009F004D /* uox */ = {
			isa = PBXNativeTarget;
			buildConfigurationList = 640752BA2919837A009F004D /* Build configuration list for PBXNativeTarget "uox" */;
			buildPhases = (
				640752AF2919837A009F004D /* Sources */,
				640752B02919837A009F004D /* Frameworks */,
				640752B12919837A009F004D /* CopyFiles */,
			);
			buildRules = (
			);
			dependencies = (
			);
			name = uox;
			productName = uox;
			productReference = 640752B32919837A009F004D /* uox */;
			productType = "com.apple.product-type.tool";
		};
/* End PBXNativeTarget section */

/* Begin PBXProject section */
		640752AB2919837A009F004D /* Project object */ = {
			isa = PBXProject;
			attributes = {
				BuildIndependentTargetsInParallel = 1;
				LastUpgradeCheck = 1410;
				ORGANIZATIONNAME = "UOX Development";
				TargetAttributes = {
					640752B22919837A009F004D = {
						CreatedOnToolsVersion = 14.1;
					};
				};
			};
			buildConfigurationList = 640752AE2919837A009F004D /* Build configuration list for PBXProject "uox" */;
			compatibilityVersion = "Xcode 14.0";
			developmentRegion = en;
			hasScannedForEncodings = 0;
			knownRegions = (
				en,
				Base,
			);
			mainGroup = 640752AA2919837A009F004D;
			productRefGroup = 640752B42919837A009F004D /* Products */;
			projectDirPath = "";
			projectReferences = (
				{
					ProductGroup = 640752C329198429009F004D /* Products */;
					ProjectRef = 640752C229198429009F004D /* jsengine.xcodeproj */;
				},
			);
			projectRoot = "";
			targets = (
				640752B22919837A009F004D /* uox */,
			);
		};
/* End PBXProject section */

/* Begin PBXReferenceProxy section */
		640752C729198429009F004D /* libjsengine.a */ = {
			isa = PBXReferenceProxy;
			fileType = archive.ar;
			path = libjsengine.a;
			remoteRef = 640752C629198429009F004D /* PBXContainerItemProxy */;
			sourceTree = BUILT_PRODUCTS_DIR;
		};
/* End PBXReferenceProxy section */

/* Begin PBXSourcesBuildPhase section */
		640752AF2919837A009F004D /* Sources */ = {
			isa = PBXSourcesBuildPhase;
			buildActionMask = 2147483647;
			files = (
				64A753D0291D2F7400F9A14E /* serialgen.cpp in Sources */,
				640752D8291A7F4D009F004D /* argument.cpp in Sources */,
				64A753D3291D79F000F9A14E /* objectfactory.cpp in Sources */,
				640752CD29198490009F004D /* main.cpp in Sources */,
				64A753AF291AA4E200F9A14E /* configuration.cpp in Sources */,
				64A753DA291F28FB00F9A14E /* tileinfo.cpp in Sources */,
			);
			runOnlyForDeploymentPostprocessing = 0;
		};
/* End PBXSourcesBuildPhase section */

/* Begin XCBuildConfiguration section */
		640752B82919837A009F004D /* Debug */ = {
			isa = XCBuildConfiguration;
			buildSettings = {
				ALWAYS_SEARCH_USER_PATHS = NO;
				CLANG_ANALYZER_NONNULL = YES;
				CLANG_ANALYZER_NUMBER_OBJECT_CONVERSION = YES_AGGRESSIVE;
				CLANG_CXX_LANGUAGE_STANDARD = "gnu++20";
				CLANG_ENABLE_MODULES = YES;
				CLANG_ENABLE_OBJC_ARC = YES;
				CLANG_ENABLE_OBJC_WEAK = YES;
				CLANG_WARN_BLOCK_CAPTURE_AUTORELEASING = YES;
				CLANG_WARN_BOOL_CONVERSION = YES;
				CLANG_WARN_COMMA = YES;
				CLANG_WARN_CONSTANT_CONVERSION = YES;
				CLANG_WARN_DEPRECATED_OBJC_IMPLEMENTATIONS = YES;
				CLANG_WARN_DIRECT_OBJC_ISA_USAGE = YES_ERROR;
				CLANG_WARN_DOCUMENTATION_COMMENTS = YES;
				CLANG_WARN_EMPTY_BODY = YES;
				CLANG_WARN_ENUM_CONVERSION = YES;
				CLANG_WARN_INFINITE_RECURSION = YES;
				CLANG_WARN_INT_CONVERSION = YES;
				CLANG_WARN_NON_LITERAL_NULL_CONVERSION = YES;
				CLANG_WARN_OBJC_IMPLICIT_RETAIN_SELF = YES;
				CLANG_WARN_OBJC_LITERAL_CONVERSION = YES;
				CLANG_WARN_OBJC_ROOT_CLASS = YES_ERROR;
				CLANG_WARN_QUOTED_INCLUDE_IN_FRAMEWORK_HEADER = YES;
				CLANG_WARN_RANGE_LOOP_ANALYSIS = YES;
				CLANG_WARN_STRICT_PROTOTYPES = YES;
				CLANG_WARN_SUSPICIOUS_MOVE = YES;
				CLANG_WARN_UNGUARDED_AVAILABILITY = YES_AGGRESSIVE;
				CLANG_WARN_UNREACHABLE_CODE = YES;
				CLANG_WARN__DUPLICATE_METHOD_MATCH = YES;
				COPY_PHASE_STRIP = NO;
				DEBUG_INFORMATION_FORMAT = dwarf;
				ENABLE_STRICT_OBJC_MSGSEND = YES;
				ENABLE_TESTABILITY = YES;
				GCC_C_LANGUAGE_STANDARD = gnu11;
				GCC_DYNAMIC_NO_PIC = NO;
				GCC_NO_COMMON_BLOCKS = YES;
				GCC_OPTIMIZATION_LEVEL = 0;
				GCC_PREPROCESSOR_DEFINITIONS = (
					"DEBUG=1",
					"$(inherited)",
				);
				GCC_WARN_64_TO_32_BIT_CONVERSION = YES;
				GCC_WARN_ABOUT_RETURN_TYPE = YES_ERROR;
				GCC_WARN_UNDECLARED_SELECTOR = YES;
				GCC_WARN_UNINITIALIZED_AUTOS = YES_AGGRESSIVE;
				GCC_WARN_UNUSED_FUNCTION = YES;
				GCC_WARN_UNUSED_VARIABLE = YES;
				MACOSX_DEPLOYMENT_TARGET = 13.0;
				MTL_ENABLE_DEBUG_INFO = INCLUDE_SOURCE;
				MTL_FAST_MATH = YES;
				ONLY_ACTIVE_ARCH = YES;
				SDKROOT = macosx;
			};
			name = Debug;
		};
		640752B92919837A009F004D /* Release */ = {
			isa = XCBuildConfiguration;
			buildSettings = {
				ALWAYS_SEARCH_USER_PATHS = NO;
				CLANG_ANALYZER_NONNULL = YES;
				CLANG_ANALYZER_NUMBER_OBJECT_CONVERSION = YES_AGGRESSIVE;
				CLANG_CXX_LANGUAGE_STANDARD = "gnu++20";
				CLANG_ENABLE_MODULES = YES;
				CLANG_ENABLE_OBJC_ARC = YES;
				CLANG_ENABLE_OBJC_WEAK = YES;
				CLANG_WARN_BLOCK_CAPTURE_AUTORELEASING = YES;
				CLANG_WARN_BOOL_CONVERSION = YES;
				CLANG_WARN_COMMA = YES;
				CLANG_WARN_CONSTANT_CONVERSION = YES;
				CLANG_WARN_DEPRECATED_OBJC_IMPLEMENTATIONS = YES;
				CLANG_WARN_DIRECT_OBJC_ISA_USAGE = YES_ERROR;
				CLANG_WARN_DOCUMENTATION_COMMENTS = YES;
				CLANG_WARN_EMPTY_BODY = YES;
				CLANG_WARN_ENUM_CONVERSION = YES;
				CLANG_WARN_INFINITE_RECURSION = YES;
				CLANG_WARN_INT_CONVERSION = YES;
				CLANG_WARN_NON_LITERAL_NULL_CONVERSION = YES;
				CLANG_WARN_OBJC_IMPLICIT_RETAIN_SELF = YES;
				CLANG_WARN_OBJC_LITERAL_CONVERSION = YES;
				CLANG_WARN_OBJC_ROOT_CLASS = YES_ERROR;
				CLANG_WARN_QUOTED_INCLUDE_IN_FRAMEWORK_HEADER = YES;
				CLANG_WARN_RANGE_LOOP_ANALYSIS = YES;
				CLANG_WARN_STRICT_PROTOTYPES = YES;
				CLANG_WARN_SUSPICIOUS_MOVE = YES;
				CLANG_WARN_UNGUARDED_AVAILABILITY = YES_AGGRESSIVE;
				CLANG_WARN_UNREACHABLE_CODE = YES;
				CLANG_WARN__DUPLICATE_METHOD_MATCH = YES;
				COPY_PHASE_STRIP = NO;
				DEBUG_INFORMATION_FORMAT = "dwarf-with-dsym";
				ENABLE_NS_ASSERTIONS = NO;
				ENABLE_STRICT_OBJC_MSGSEND = YES;
				GCC_C_LANGUAGE_STANDARD = gnu11;
				GCC_NO_COMMON_BLOCKS = YES;
				GCC_WARN_64_TO_32_BIT_CONVERSION = YES;
				GCC_WARN_ABOUT_RETURN_TYPE = YES_ERROR;
				GCC_WARN_UNDECLARED_SELECTOR = YES;
				GCC_WARN_UNINITIALIZED_AUTOS = YES_AGGRESSIVE;
				GCC_WARN_UNUSED_FUNCTION = YES;
				GCC_WARN_UNUSED_VARIABLE = YES;
				MACOSX_DEPLOYMENT_TARGET = 13.0;
				MTL_ENABLE_DEBUG_INFO = NO;
				MTL_FAST_MATH = YES;
				SDKROOT = macosx;
			};
			name = Release;
		};
		640752BB2919837A009F004D /* Debug */ = {
			isa = XCBuildConfiguration;
			buildSettings = {
				CODE_SIGN_STYLE = Automatic;
				DEVELOPMENT_TEAM = CF264WE69M;
				ENABLE_HARDENED_RUNTIME = YES;
				PRODUCT_NAME = "$(TARGET_NAME)";
			};
			name = Debug;
		};
		640752BC2919837A009F004D /* Release */ = {
			isa = XCBuildConfiguration;
			buildSettings = {
				CODE_SIGN_STYLE = Automatic;
				DEVELOPMENT_TEAM = CF264WE69M;
				ENABLE_HARDENED_RUNTIME = YES;
				PRODUCT_NAME = "$(TARGET_NAME)";
			};
			name = Release;
		};
/* End XCBuildConfiguration section */

/* Begin XCConfigurationList section */
		640752AE2919837A009F004D /* Build configuration list for PBXProject "uox" */ = {
			isa = XCConfigurationList;
			buildConfigurations = (
				640752B82919837A009F004D /* Debug */,
				640752B92919837A009F004D /* Release */,
			);
			defaultConfigurationIsVisible = 0;
			defaultConfigurationName = Release;
		};
		640752BA2919837A009F004D /* Build configuration list for PBXNativeTarget "uox" */ = {
			isa = XCConfigurationList;
			buildConfigurations = (
				640752BB2919837A009F004D /* Debug */,
				640752BC2919837A009F004D /* Release */,
			);
			defaultConfigurationIsVisible = 0;
			defaultConfigurationName = Release;
		};
/* End XCConfigurationList section */
	};
	rootObject = 640752AB2919837A009F004D /* Project object */;
}
